Microsoft Visual Studio Solution File, Format Version 12.00
# Visual Studio Version 17
VisualStudioVersion = 17.5.2.0
MinimumVisualStudioVersion = 10.0.40219.1
Project("{FAE04EC0-301F-11D3-BF4B-00C04F79EFBC}") = "shape", "shape.csproj", "{3877594F-E348-0F6F-0B2C-F1950A82CB81}"
EndProject
Global
	GlobalSection(SolutionConfigurationPlatforms) = preSolution
		Debug|Any CPU = Debug|Any CPU
		Release|Any CPU = Release|Any CPU
	EndGlobalSection
	GlobalSection(ProjectConfigurationPlatforms) = postSolution
		{3877594F-E348-0F6F-0B2C-F1950A82CB81}.Debug|Any CPU.ActiveCfg = Debug|Any CPU
		{3877594F-E348-0F6F-0B2C-F1950A82CB81}.Debug|Any CPU.Build.0 = Debug|Any CPU
		{3877594F-E348-0F6F-0B2C-F1950A82CB81}.Release|Any CPU.ActiveCfg = Release|Any CPU
		{3877594F-E348-0F6F-0B2C-F1950A82CB81}.Release|Any CPU.Build.0 = Release|Any CPU
	EndGlobalSection
	GlobalSection(SolutionProperties) = preSolution
		HideSolutionNode = FALSE
	EndGlobalSection
	GlobalSection(ExtensibilityGlobals) = postSolution
		SolutionGuid = {8F6BCE4F-AC63-4DBC-A115-B636CFF03909}
	EndGlobalSection
EndGlobal
